
Microsoft Visual Studio Solution File, Format Version 12.00
# Visual Studio Version 17
VisualStudioVersion = 17.13.35931.197 d17.13
MinimumVisualStudioVersion = 10.0.40219.1
Project("{FAE04EC0-301F-11D3-BF4B-00C04F79EFBC}") = "File_Based_CRUD_Operation", "File_Based_CRUD_Operation\File_Based_CRUD_Operation.csproj", "{2A66FEFD-B5DD-4964-B8DC-DD389884AB53}"
EndProject
Global
	GlobalSection(SolutionConfigurationPlatforms) = preSolution
		Debug|Any CPU = Debug|Any CPU
		Release|Any CPU = Release|Any CPU
	EndGlobalSection
	GlobalSection(ProjectConfigurationPlatforms) = postSolution
		{2A66FEFD-B5DD-4964-B8DC-DD389884AB53}.Debug|Any CPU.ActiveCfg = Debug|Any CPU
		{2A66FEFD-B5DD-4964-B8DC-DD389884AB53}.Debug|Any CPU.Build.0 = Debug|Any CPU
		{2A66FEFD-B5DD-4964-B8DC-DD389884AB53}.Release|Any CPU.ActiveCfg = Release|Any CPU
		{2A66FEFD-B5DD-4964-B8DC-DD389884AB53}.Release|Any CPU.Build.0 = Release|Any CPU
	EndGlobalSection
	GlobalSection(SolutionProperties) = preSolution
		HideSolutionNode = FALSE
	EndGlobalSection
	GlobalSection(ExtensibilityGlobals) = postSolution
		SolutionGuid = {44267252-7B06-4D02-9888-39D92E2DCEC6}
	EndGlobalSection
EndGlobal
